
Microsoft Visual Studio Solution File, Format Version 12.00
# Visual Studio Version 17
VisualStudioVersion = 17.0.31903.59
MinimumVisualStudioVersion = 10.0.40219.1
Project("{2150E333-8FDC-42A3-9474-1A3956D46DE8}") = "src", "src", "{E90EE5A0-9C11-4F40-8F88-93F0B665092D}"
EndProject
Project("{FAE04EC0-301F-11D3-BF4B-00C04F79EFBC}") = "AuctionService", "src\AuctionService\AuctionService.csproj", "{8DF7877B-85CF-4A5B-817B-8A656C5EE649}"
EndProject
Project("{FAE04EC0-301F-11D3-BF4B-00C04F79EFBC}") = "SearchService", "src\SearchService\SearchService.csproj", "{D3A8E9E9-CCCA-40D4-BA23-851273C7FF02}"
EndProject
Global
	GlobalSection(SolutionConfigurationPlatforms) = preSolution
		Debug|Any CPU = Debug|Any CPU
		Release|Any CPU = Release|Any CPU
	EndGlobalSection
	GlobalSection(SolutionProperties) = preSolution
		HideSolutionNode = FALSE
	EndGlobalSection
	GlobalSection(ProjectConfigurationPlatforms) = postSolution
		{8DF7877B-85CF-4A5B-817B-8A656C5EE649}.Debug|Any CPU.ActiveCfg = Debug|Any CPU
		{8DF7877B-85CF-4A5B-817B-8A656C5EE649}.Debug|Any CPU.Build.0 = Debug|Any CPU
		{8DF7877B-85CF-4A5B-817B-8A656C5EE649}.Release|Any CPU.ActiveCfg = Release|Any CPU
		{8DF7877B-85CF-4A5B-817B-8A656C5EE649}.Release|Any CPU.Build.0 = Release|Any CPU
		{D3A8E9E9-CCCA-40D4-BA23-851273C7FF02}.Debug|Any CPU.ActiveCfg = Debug|Any CPU
		{D3A8E9E9-CCCA-40D4-BA23-851273C7FF02}.Debug|Any CPU.Build.0 = Debug|Any CPU
		{D3A8E9E9-CCCA-40D4-BA23-851273C7FF02}.Release|Any CPU.ActiveCfg = Release|Any CPU
		{D3A8E9E9-CCCA-40D4-BA23-851273C7FF02}.Release|Any CPU.Build.0 = Release|Any CPU
	EndGlobalSection
	GlobalSection(NestedProjects) = preSolution
		{8DF7877B-85CF-4A5B-817B-8A656C5EE649} = {E90EE5A0-9C11-4F40-8F88-93F0B665092D}
		{D3A8E9E9-CCCA-40D4-BA23-851273C7FF02} = {E90EE5A0-9C11-4F40-8F88-93F0B665092D}
	EndGlobalSection
EndGlobal
